{
  "nodes": {
    "home-manager": {
      "inputs": {
        "nixpkgs": [
          "nixpkgs"
        ]
      },
      "locked": {
        "lastModified": 1688892808,
        "narHash": "sha256-AeWzyG37EqyHH2C1GmrV9y0ZQ4e7rAs9AUOnw8I4YUI=",
        "owner": "nix-community",
        "repo": "home-manager",
        "rev": "b70db52ff06f30e3de7f21b6ea47e75baa0c46f6",
        "type": "github"
      },
      "original": {
        "owner": "nix-community",
        "repo": "home-manager",
        "type": "github"
      }
    },
    "nixpkgs": {
      "locked": {
        "lastModified": 1688925019,
        "narHash": "sha256-281HjmJycKt8rZ0/vpYTtJuZrQl6mpGNlUFf8cebmeA=",
        "owner": "nixos",
        "repo": "nixpkgs",
        "rev": "2b356dae6208d422236c4cdc48f3bed749f9daea",
        "type": "github"
      },
      "original": {
        "owner": "nixos",
        "ref": "nixpkgs-unstable",
        "repo": "nixpkgs",
        "type": "github"
      }
    },
    "root": {
      "inputs": {
        "home-manager": "home-manager",
        "nixpkgs": "nixpkgs"
      }
    }
  },
  "root": "root",
  "version": 7
}
