{
  "nodes": {
    "home-manager": {
      "inputs": {
        "nixpkgs": [
          "nixpkgs"
        ]
      },
      "locked": {
        "lastModified": 1692131549,
        "narHash": "sha256-MFjI8NL63/6HjMZpvJgnB/Pgg2dht22t45jOYtipZig=",
        "owner": "nix-community",
        "repo": "home-manager",
        "rev": "75cfe974e2ca05a61b66768674032b4c079e55d4",
        "type": "github"
      },
      "original": {
        "owner": "nix-community",
        "repo": "home-manager",
        "type": "github"
      }
    },
    "nixpkgs": {
      "locked": {
        "lastModified": 1692128808,
        "narHash": "sha256-Di1Zm/P042NuwThMiZNrtmaAjd4Tm2qBOKHX7xUOfMk=",
        "owner": "nixos",
        "repo": "nixpkgs",
        "rev": "4ed9856be002a730234a1a1ed9dcd9dd10cbdb40",
        "type": "github"
      },
      "original": {
        "owner": "nixos",
        "ref": "nixpkgs-unstable",
        "repo": "nixpkgs",
        "type": "github"
      }
    },
    "root": {
      "inputs": {
        "home-manager": "home-manager",
        "nixpkgs": "nixpkgs"
      }
    }
  },
  "root": "root",
  "version": 7
}
